// !$*UTF8*$!
{
	archiveVersion = 1;
	classes = {
	};
	objectVersion = 55;
	objects = {

/* Begin PBXBuildFile section */
		58E71FBB7E459571E648A56A /* Pods_Instagram.framework in Frameworks */ = {isa = PBXBuildFile; fileRef = 1DEE7807E5D9FA90F3C0B249 /* Pods_Instagram.framework */; };
		8453D4DB281FE70A00C1A775 /* FeedPostDataModel.swift in Sources */ = {isa = PBXBuildFile; fileRef = 8453D4DA281FE70A00C1A775 /* FeedPostDataModel.swift */; };
		8453D4DE28203DF500C1A775 /* PostTableViewCell.swift in Sources */ = {isa = PBXBuildFile; fileRef = 8453D4DC28203DF500C1A775 /* PostTableViewCell.swift */; };
		8453D4DF28203DF500C1A775 /* PostTableViewCell.xib in Resources */ = {isa = PBXBuildFile; fileRef = 8453D4DD28203DF500C1A775 /* PostTableViewCell.xib */; };
		8453D4E228229A5A00C1A775 /* SendUpdateStatusDelegate.swift in Sources */ = {isa = PBXBuildFile; fileRef = 8453D4E128229A5A00C1A775 /* SendUpdateStatusDelegate.swift */; };
		8453D4E72823C3FC00C1A775 /* UIView+.swift in Sources */ = {isa = PBXBuildFile; fileRef = 8453D4E62823C3FC00C1A775 /* UIView+.swift */; };
		8453D4E92823C42900C1A775 /* UIViewController+.swift in Sources */ = {isa = PBXBuildFile; fileRef = 8453D4E82823C42900C1A775 /* UIViewController+.swift */; };
		84A1E442282A57AB005C034F /* APIConstants.swift in Sources */ = {isa = PBXBuildFile; fileRef = 84A1E441282A57AB005C034F /* APIConstants.swift */; };
		84A1E444282A5835005C034F /* NetworkResult.swift in Sources */ = {isa = PBXBuildFile; fileRef = 84A1E443282A5835005C034F /* NetworkResult.swift */; };
		84A1E44A282A5D82005C034F /* SigninDataModel.swift in Sources */ = {isa = PBXBuildFile; fileRef = 84A1E449282A5D82005C034F /* SigninDataModel.swift */; };
		84A1E44E282A61CA005C034F /* GenericResponse.swift in Sources */ = {isa = PBXBuildFile; fileRef = 84A1E44D282A61CA005C034F /* GenericResponse.swift */; };
		84A1E451282A659C005C034F /* SignAPI.swift in Sources */ = {isa = PBXBuildFile; fileRef = 84A1E450282A659C005C034F /* SignAPI.swift */; };
		84AFA2FE280BC3AD00765633 /* AddNameToSignup.storyboard in Resources */ = {isa = PBXBuildFile; fileRef = 84AFA2FD280BC3AD00765633 /* AddNameToSignup.storyboard */; };
		84AFA301280BC52800765633 /* Welcome.storyboard in Resources */ = {isa = PBXBuildFile; fileRef = 84AFA300280BC52800765633 /* Welcome.storyboard */; };
		84AFA303280BC5EA00765633 /* AddPasswordToSignup.storyboard in Resources */ = {isa = PBXBuildFile; fileRef = 84AFA302280BC5EA00765633 /* AddPasswordToSignup.storyboard */; };
		84AFA30F280BECC700765633 /* TabBar.storyboard in Resources */ = {isa = PBXBuildFile; fileRef = 84AFA30E280BECC700765633 /* TabBar.storyboard */; };
		84AFA311280BED8000765633 /* TabBarController.swift in Sources */ = {isa = PBXBuildFile; fileRef = 84AFA310280BED8000765633 /* TabBarController.swift */; };
		84AFA317280BEE8600765633 /* Search.storyboard in Resources */ = {isa = PBXBuildFile; fileRef = 84AFA316280BEE8600765633 /* Search.storyboard */; };
		84AFA319280BEE8D00765633 /* Reels.storyboard in Resources */ = {isa = PBXBuildFile; fileRef = 84AFA318280BEE8D00765633 /* Reels.storyboard */; };
		84AFA31B280BEE9400765633 /* Shop.storyboard in Resources */ = {isa = PBXBuildFile; fileRef = 84AFA31A280BEE9400765633 /* Shop.storyboard */; };
		84AFA31D280BEE9D00765633 /* Mypage.storyboard in Resources */ = {isa = PBXBuildFile; fileRef = 84AFA31C280BEE9D00765633 /* Mypage.storyboard */; };
		84AFA31F280BEF0100765633 /* SearchTabViewController.swift in Sources */ = {isa = PBXBuildFile; fileRef = 84AFA31E280BEF0100765633 /* SearchTabViewController.swift */; };
		84AFA321280BEF3A00765633 /* ReelsTabViewController.swift in Sources */ = {isa = PBXBuildFile; fileRef = 84AFA320280BEF3A00765633 /* ReelsTabViewController.swift */; };
		84AFA323280BEF4300765633 /* ShopTabViewController.swift in Sources */ = {isa = PBXBuildFile; fileRef = 84AFA322280BEF4300765633 /* ShopTabViewController.swift */; };
		84AFA325280BEF4F00765633 /* MypageTabViewController.swift in Sources */ = {isa = PBXBuildFile; fileRef = 84AFA324280BEF4F00765633 /* MypageTabViewController.swift */; };
		84AFA328280BF01500765633 /* FeedTabViewController.swift in Sources */ = {isa = PBXBuildFile; fileRef = 84AFA327280BF01500765633 /* FeedTabViewController.swift */; };
		84AFA32A280BF01C00765633 /* Feed.storyboard in Resources */ = {isa = PBXBuildFile; fileRef = 84AFA329280BF01C00765633 /* Feed.storyboard */; };
		84D00AF527FE12CD00AEDEFA /* AppDelegate.swift in Sources */ = {isa = PBXBuildFile; fileRef = 84D00AF427FE12CD00AEDEFA /* AppDelegate.swift */; };
		84D00AF727FE12CD00AEDEFA /* SceneDelegate.swift in Sources */ = {isa = PBXBuildFile; fileRef = 84D00AF627FE12CD00AEDEFA /* SceneDelegate.swift */; };
		84D00AF927FE12CD00AEDEFA /* SigninViewController.swift in Sources */ = {isa = PBXBuildFile; fileRef = 84D00AF827FE12CD00AEDEFA /* SigninViewController.swift */; };
		84D00AFC27FE12CD00AEDEFA /* Signin.storyboard in Resources */ = {isa = PBXBuildFile; fileRef = 84D00AFA27FE12CD00AEDEFA /* Signin.storyboard */; };
		84D00AFE27FE12CE00AEDEFA /* Assets.xcassets in Resources */ = {isa = PBXBuildFile; fileRef = 84D00AFD27FE12CE00AEDEFA /* Assets.xcassets */; };
		84D00B0127FE12CE00AEDEFA /* LaunchScreen.storyboard in Resources */ = {isa = PBXBuildFile; fileRef = 84D00AFF27FE12CE00AEDEFA /* LaunchScreen.storyboard */; };
		84D00B0927FE1A7C00AEDEFA /* AddNameToSignupViewController.swift in Sources */ = {isa = PBXBuildFile; fileRef = 84D00B0827FE1A7B00AEDEFA /* AddNameToSignupViewController.swift */; };
		84D00B0B27FE1A9500AEDEFA /* AddPasswordToSignupViewController.swift in Sources */ = {isa = PBXBuildFile; fileRef = 84D00B0A27FE1A9500AEDEFA /* AddPasswordToSignupViewController.swift */; };
		84D00B0D27FE1C8400AEDEFA /* WelcomeViewController.swift in Sources */ = {isa = PBXBuildFile; fileRef = 84D00B0C27FE1C8400AEDEFA /* WelcomeViewController.swift */; };
		84E9F4B2281EE20300EA2567 /* FeedStoryDataModel.swift in Sources */ = {isa = PBXBuildFile; fileRef = 84E9F4B1281EE20300EA2567 /* FeedStoryDataModel.swift */; };
		84E9F4BD281EF04D00EA2567 /* StoryCollectionViewCell.swift in Sources */ = {isa = PBXBuildFile; fileRef = 84E9F4BB281EF04D00EA2567 /* StoryCollectionViewCell.swift */; };
		84E9F4BE281EF04D00EA2567 /* StoryCollectionViewCell.xib in Resources */ = {isa = PBXBuildFile; fileRef = 84E9F4BC281EF04D00EA2567 /* StoryCollectionViewCell.xib */; };
/* End PBXBuildFile section */

/* Begin PBXFileReference section */
		1DEE7807E5D9FA90F3C0B249 /* Pods_Instagram.framework */ = {isa = PBXFileReference; explicitFileType = wrapper.framework; includeInIndex = 0; path = Pods_Instagram.framework; sourceTree = BUILT_PRODUCTS_DIR; };
		8453D4DA281FE70A00C1A775 /* FeedPostDataModel.swift */ = {isa = PBXFileReference; lastKnownFileType = sourcecode.swift; path = FeedPostDataModel.swift; sourceTree = "<group>"; };
		8453D4DC28203DF500C1A775 /* PostTableViewCell.swift */ = {isa = PBXFileReference; lastKnownFileType = sourcecode.swift; path = PostTableViewCell.swift; sourceTree = "<group>"; };
		8453D4DD28203DF500C1A775 /* PostTableViewCell.xib */ = {isa = PBXFileReference; lastKnownFileType = file.xib; path = PostTableViewCell.xib; sourceTree = "<group>"; };
		8453D4E128229A5A00C1A775 /* SendUpdateStatusDelegate.swift */ = {isa = PBXFileReference; lastKnownFileType = sourcecode.swift; path = SendUpdateStatusDelegate.swift; sourceTree = "<group>"; };
		8453D4E62823C3FC00C1A775 /* UIView+.swift */ = {isa = PBXFileReference; lastKnownFileType = sourcecode.swift; path = "UIView+.swift"; sourceTree = "<group>"; };
		8453D4E82823C42900C1A775 /* UIViewController+.swift */ = {isa = PBXFileReference; lastKnownFileType = sourcecode.swift; path = "UIViewController+.swift"; sourceTree = "<group>"; };
		84A1E441282A57AB005C034F /* APIConstants.swift */ = {isa = PBXFileReference; lastKnownFileType = sourcecode.swift; path = APIConstants.swift; sourceTree = "<group>"; };
		84A1E443282A5835005C034F /* NetworkResult.swift */ = {isa = PBXFileReference; lastKnownFileType = sourcecode.swift; path = NetworkResult.swift; sourceTree = "<group>"; };
		84A1E449282A5D82005C034F /* SigninDataModel.swift */ = {isa = PBXFileReference; lastKnownFileType = sourcecode.swift; path = SigninDataModel.swift; sourceTree = "<group>"; };
		84A1E44D282A61CA005C034F /* GenericResponse.swift */ = {isa = PBXFileReference; lastKnownFileType = sourcecode.swift; path = GenericResponse.swift; sourceTree = "<group>"; };
		84A1E450282A659C005C034F /* SignAPI.swift */ = {isa = PBXFileReference; lastKnownFileType = sourcecode.swift; path = SignAPI.swift; sourceTree = "<group>"; };
		84AFA2FD280BC3AD00765633 /* AddNameToSignup.storyboard */ = {isa = PBXFileReference; fileEncoding = 4; lastKnownFileType = file.storyboard; path = AddNameToSignup.storyboard; sourceTree = "<group>"; };
		84AFA300280BC52800765633 /* Welcome.storyboard */ = {isa = PBXFileReference; lastKnownFileType = file.storyboard; path = Welcome.storyboard; sourceTree = "<group>"; };
		84AFA302280BC5EA00765633 /* AddPasswordToSignup.storyboard */ = {isa = PBXFileReference; lastKnownFileType = file.storyboard; path = AddPasswordToSignup.storyboard; sourceTree = "<group>"; };
		84AFA30E280BECC700765633 /* TabBar.storyboard */ = {isa = PBXFileReference; lastKnownFileType = file.storyboard; path = TabBar.storyboard; sourceTree = "<group>"; };
		84AFA310280BED8000765633 /* TabBarController.swift */ = {isa = PBXFileReference; lastKnownFileType = sourcecode.swift; path = TabBarController.swift; sourceTree = "<group>"; };
		84AFA316280BEE8600765633 /* Search.storyboard */ = {isa = PBXFileReference; lastKnownFileType = file.storyboard; path = Search.storyboard; sourceTree = "<group>"; };
		84AFA318280BEE8D00765633 /* Reels.storyboard */ = {isa = PBXFileReference; lastKnownFileType = file.storyboard; path = Reels.storyboard; sourceTree = "<group>"; };
		84AFA31A280BEE9400765633 /* Shop.storyboard */ = {isa = PBXFileReference; lastKnownFileType = file.storyboard; path = Shop.storyboard; sourceTree = "<group>"; };
		84AFA31C280BEE9D00765633 /* Mypage.storyboard */ = {isa = PBXFileReference; lastKnownFileType = file.storyboard; path = Mypage.storyboard; sourceTree = "<group>"; };
		84AFA31E280BEF0100765633 /* SearchTabViewController.swift */ = {isa = PBXFileReference; lastKnownFileType = sourcecode.swift; path = SearchTabViewController.swift; sourceTree = "<group>"; };
		84AFA320280BEF3A00765633 /* ReelsTabViewController.swift */ = {isa = PBXFileReference; lastKnownFileType = sourcecode.swift; path = ReelsTabViewController.swift; sourceTree = "<group>"; };
		84AFA322280BEF4300765633 /* ShopTabViewController.swift */ = {isa = PBXFileReference; lastKnownFileType = sourcecode.swift; path = ShopTabViewController.swift; sourceTree = "<group>"; };
		84AFA324280BEF4F00765633 /* MypageTabViewController.swift */ = {isa = PBXFileReference; lastKnownFileType = sourcecode.swift; path = MypageTabViewController.swift; sourceTree = "<group>"; };
		84AFA327280BF01500765633 /* FeedTabViewController.swift */ = {isa = PBXFileReference; lastKnownFileType = sourcecode.swift; path = FeedTabViewController.swift; sourceTree = "<group>"; };
		84AFA329280BF01C00765633 /* Feed.storyboard */ = {isa = PBXFileReference; lastKnownFileType = file.storyboard; path = Feed.storyboard; sourceTree = "<group>"; };
		84D00AF127FE12CD00AEDEFA /* Instagram.app */ = {isa = PBXFileReference; explicitFileType = wrapper.application; includeInIndex = 0; path = Instagram.app; sourceTree = BUILT_PRODUCTS_DIR; };
		84D00AF427FE12CD00AEDEFA /* AppDelegate.swift */ = {isa = PBXFileReference; lastKnownFileType = sourcecode.swift; path = AppDelegate.swift; sourceTree = "<group>"; };
		84D00AF627FE12CD00AEDEFA /* SceneDelegate.swift */ = {isa = PBXFileReference; lastKnownFileType = sourcecode.swift; path = SceneDelegate.swift; sourceTree = "<group>"; };
		84D00AF827FE12CD00AEDEFA /* SigninViewController.swift */ = {isa = PBXFileReference; lastKnownFileType = sourcecode.swift; path = SigninViewController.swift; sourceTree = "<group>"; };
		84D00AFB27FE12CD00AEDEFA /* Base */ = {isa = PBXFileReference; lastKnownFileType = file.storyboard; name = Base; path = Base.lproj/Signin.storyboard; sourceTree = "<group>"; };
		84D00AFD27FE12CE00AEDEFA /* Assets.xcassets */ = {isa = PBXFileReference; lastKnownFileType = folder.assetcatalog; path = Assets.xcassets; sourceTree = "<group>"; };
		84D00B0027FE12CE00AEDEFA /* Base */ = {isa = PBXFileReference; lastKnownFileType = file.storyboard; name = Base; path = Base.lproj/LaunchScreen.storyboard; sourceTree = "<group>"; };
		84D00B0227FE12CE00AEDEFA /* Info.plist */ = {isa = PBXFileReference; lastKnownFileType = text.plist.xml; path = Info.plist; sourceTree = "<group>"; };
		84D00B0827FE1A7B00AEDEFA /* AddNameToSignupViewController.swift */ = {isa = PBXFileReference; lastKnownFileType = sourcecode.swift; path = AddNameToSignupViewController.swift; sourceTree = "<group>"; };
		84D00B0A27FE1A9500AEDEFA /* AddPasswordToSignupViewController.swift */ = {isa = PBXFileReference; lastKnownFileType = sourcecode.swift; path = AddPasswordToSignupViewController.swift; sourceTree = "<group>"; };
		84D00B0C27FE1C8400AEDEFA /* WelcomeViewController.swift */ = {isa = PBXFileReference; lastKnownFileType = sourcecode.swift; path = WelcomeViewController.swift; sourceTree = "<group>"; };
		84E9F4B1281EE20300EA2567 /* FeedStoryDataModel.swift */ = {isa = PBXFileReference; lastKnownFileType = sourcecode.swift; path = FeedStoryDataModel.swift; sourceTree = "<group>"; };
		84E9F4BB281EF04D00EA2567 /* StoryCollectionViewCell.swift */ = {isa = PBXFileReference; lastKnownFileType = sourcecode.swift; path = StoryCollectionViewCell.swift; sourceTree = "<group>"; };
		84E9F4BC281EF04D00EA2567 /* StoryCollectionViewCell.xib */ = {isa = PBXFileReference; lastKnownFileType = file.xib; path = StoryCollectionViewCell.xib; sourceTree = "<group>"; };
		92716F744DA15104A24B3FB8 /* Pods-Instagram.debug.xcconfig */ = {isa = PBXFileReference; includeInIndex = 1; lastKnownFileType = text.xcconfig; name = "Pods-Instagram.debug.xcconfig"; path = "Target Support Files/Pods-Instagram/Pods-Instagram.debug.xcconfig"; sourceTree = "<group>"; };
		C87ECC5335F0D2F70BCFE850 /* Pods-Instagram.release.xcconfig */ = {isa = PBXFileReference; includeInIndex = 1; lastKnownFileType = text.xcconfig; name = "Pods-Instagram.release.xcconfig"; path = "Target Support Files/Pods-Instagram/Pods-Instagram.release.xcconfig"; sourceTree = "<group>"; };
/* End PBXFileReference section */

/* Begin PBXFrameworksBuildPhase section */
		84D00AEE27FE12CD00AEDEFA /* Frameworks */ = {
			isa = PBXFrameworksBuildPhase;
			buildActionMask = 2147483647;
			files = (
				58E71FBB7E459571E648A56A /* Pods_Instagram.framework in Frameworks */,
			);
			runOnlyForDeploymentPostprocessing = 0;
		};
/* End PBXFrameworksBuildPhase section */

/* Begin PBXGroup section */
		7589AF41E46E6B0441D3D800 /* Pods */ = {
			isa = PBXGroup;
			children = (
				92716F744DA15104A24B3FB8 /* Pods-Instagram.debug.xcconfig */,
				C87ECC5335F0D2F70BCFE850 /* Pods-Instagram.release.xcconfig */,
			);
			path = Pods;
			sourceTree = "<group>";
		};
		8453D4E028229A1800C1A775 /* Protocol */ = {
			isa = PBXGroup;
			children = (
				8453D4E128229A5A00C1A775 /* SendUpdateStatusDelegate.swift */,
			);
			path = Protocol;
			sourceTree = "<group>";
		};
		8453D4E42823C3A400C1A775 /* Global */ = {
			isa = PBXGroup;
			children = (
				8453D4E52823C3B800C1A775 /* Extension */,
				8453D4E028229A1800C1A775 /* Protocol */,
			);
			path = Global;
			sourceTree = "<group>";
		};
		8453D4E52823C3B800C1A775 /* Extension */ = {
			isa = PBXGroup;
			children = (
				8453D4E62823C3FC00C1A775 /* UIView+.swift */,
				8453D4E82823C42900C1A775 /* UIViewController+.swift */,
			);
			path = Extension;
			sourceTree = "<group>";
		};
		8453D4EA2823C51C00C1A775 /* Screen */ = {
			isa = PBXGroup;
			children = (
				8453D4FD2823C6BB00C1A775 /* Search */,
				8453D4FC2823C6B600C1A775 /* Reels */,
				8453D4FB2823C6B200C1A775 /* Shop */,
				8453D4FA2823C6AC00C1A775 /* MyPage */,
				8453D4F42823C62400C1A775 /* Feed */,
				8453D4ED2823C55900C1A775 /* TabBar */,
				8453D4EC2823C54A00C1A775 /* Signin */,
				8453D4EB2823C54300C1A775 /* Signup */,
			);
			path = Screen;
			sourceTree = "<group>";
		};
		8453D4EB2823C54300C1A775 /* Signup */ = {
			isa = PBXGroup;
			children = (
				8453D4F12823C5AE00C1A775 /* SB */,
				8453D4F02823C5AA00C1A775 /* VC */,
			);
			path = Signup;
			sourceTree = "<group>";
		};
		8453D4EC2823C54A00C1A775 /* Signin */ = {
			isa = PBXGroup;
			children = (
				8453D4EE2823C57D00C1A775 /* SB */,
				8453D4EF2823C58100C1A775 /* VC */,
			);
			path = Signin;
			sourceTree = "<group>";
		};
		8453D4ED2823C55900C1A775 /* TabBar */ = {
			isa = PBXGroup;
			children = (
				8453D4F32823C5E800C1A775 /* SB */,
				8453D4F22823C5E400C1A775 /* VC */,
			);
			path = TabBar;
			sourceTree = "<group>";
		};
		8453D4EE2823C57D00C1A775 /* SB */ = {
			isa = PBXGroup;
			children = (
				84D00AFA27FE12CD00AEDEFA /* Signin.storyboard */,
				84AFA300280BC52800765633 /* Welcome.storyboard */,
			);
			path = SB;
			sourceTree = "<group>";
		};
		8453D4EF2823C58100C1A775 /* VC */ = {
			isa = PBXGroup;
			children = (
				84D00AF827FE12CD00AEDEFA /* SigninViewController.swift */,
				84D00B0C27FE1C8400AEDEFA /* WelcomeViewController.swift */,
			);
			path = VC;
			sourceTree = "<group>";
		};
		8453D4F02823C5AA00C1A775 /* VC */ = {
			isa = PBXGroup;
			children = (
				84D00B0A27FE1A9500AEDEFA /* AddPasswordToSignupViewController.swift */,
				84D00B0827FE1A7B00AEDEFA /* AddNameToSignupViewController.swift */,
			);
			path = VC;
			sourceTree = "<group>";
		};
		8453D4F12823C5AE00C1A775 /* SB */ = {
			isa = PBXGroup;
			children = (
				84AFA2FD280BC3AD00765633 /* AddNameToSignup.storyboard */,
				84AFA302280BC5EA00765633 /* AddPasswordToSignup.storyboard */,
			);
			path = SB;
			sourceTree = "<group>";
		};
		8453D4F22823C5E400C1A775 /* VC */ = {
			isa = PBXGroup;
			children = (
				84AFA310280BED8000765633 /* TabBarController.swift */,
			);
			path = VC;
			sourceTree = "<group>";
		};
		8453D4F32823C5E800C1A775 /* SB */ = {
			isa = PBXGroup;
			children = (
				84AFA30E280BECC700765633 /* TabBar.storyboard */,
			);
			path = SB;
			sourceTree = "<group>";
		};
		8453D4F42823C62400C1A775 /* Feed */ = {
			isa = PBXGroup;
			children = (
				8453D4F92823C69600C1A775 /* SB */,
				8453D4F82823C69200C1A775 /* VC */,
				8453D4F52823C63400C1A775 /* Cell */,
			);
			path = Feed;
			sourceTree = "<group>";
		};
		8453D4F52823C63400C1A775 /* Cell */ = {
			isa = PBXGroup;
			children = (
				8453D4F72823C65800C1A775 /* TVC */,
				8453D4F62823C65100C1A775 /* CVC */,
			);
			path = Cell;
			sourceTree = "<group>";
		};
		8453D4F62823C65100C1A775 /* CVC */ = {
			isa = PBXGroup;
			children = (
				84E9F4BB281EF04D00EA2567 /* StoryCollectionViewCell.swift */,
				84E9F4BC281EF04D00EA2567 /* StoryCollectionViewCell.xib */,
			);
			path = CVC;
			sourceTree = "<group>";
		};
		8453D4F72823C65800C1A775 /* TVC */ = {
			isa = PBXGroup;
			children = (
				8453D4DC28203DF500C1A775 /* PostTableViewCell.swift */,
				8453D4DD28203DF500C1A775 /* PostTableViewCell.xib */,
			);
			path = TVC;
			sourceTree = "<group>";
		};
		8453D4F82823C69200C1A775 /* VC */ = {
			isa = PBXGroup;
			children = (
				84AFA327280BF01500765633 /* FeedTabViewController.swift */,
			);
			path = VC;
			sourceTree = "<group>";
		};
		8453D4F92823C69600C1A775 /* SB */ = {
			isa = PBXGroup;
			children = (
				84AFA329280BF01C00765633 /* Feed.storyboard */,
			);
			path = SB;
			sourceTree = "<group>";
		};
		8453D4FA2823C6AC00C1A775 /* MyPage */ = {
			isa = PBXGroup;
			children = (
				8453D5052823C6E700C1A775 /* SB */,
				8453D5042823C6E400C1A775 /* VC */,
			);
			path = MyPage;
			sourceTree = "<group>";
		};
		8453D4FB2823C6B200C1A775 /* Shop */ = {
			isa = PBXGroup;
			children = (
				8453D5022823C6DB00C1A775 /* SB */,
				8453D5032823C6DF00C1A775 /* VC */,
			);
			path = Shop;
			sourceTree = "<group>";
		};
		8453D4FC2823C6B600C1A775 /* Reels */ = {
			isa = PBXGroup;
			children = (
				8453D5002823C6CE00C1A775 /* SB */,
				8453D5012823C6D100C1A775 /* VC */,
			);
			path = Reels;
			sourceTree = "<group>";
		};
		8453D4FD2823C6BB00C1A775 /* Search */ = {
			isa = PBXGroup;
			children = (
				8453D4FE2823C6BF00C1A775 /* SB */,
				8453D4FF2823C6C500C1A775 /* VC */,
			);
			path = Search;
			sourceTree = "<group>";
		};
		8453D4FE2823C6BF00C1A775 /* SB */ = {
			isa = PBXGroup;
			children = (
				84AFA316280BEE8600765633 /* Search.storyboard */,
			);
			path = SB;
			sourceTree = "<group>";
		};
		8453D4FF2823C6C500C1A775 /* VC */ = {
			isa = PBXGroup;
			children = (
				84AFA31E280BEF0100765633 /* SearchTabViewController.swift */,
			);
			path = VC;
			sourceTree = "<group>";
		};
		8453D5002823C6CE00C1A775 /* SB */ = {
			isa = PBXGroup;
			children = (
				84AFA318280BEE8D00765633 /* Reels.storyboard */,
			);
			path = SB;
			sourceTree = "<group>";
		};
		8453D5012823C6D100C1A775 /* VC */ = {
			isa = PBXGroup;
			children = (
				84AFA320280BEF3A00765633 /* ReelsTabViewController.swift */,
			);
			path = VC;
			sourceTree = "<group>";
		};
		8453D5022823C6DB00C1A775 /* SB */ = {
			isa = PBXGroup;
			children = (
				84AFA31A280BEE9400765633 /* Shop.storyboard */,
			);
			path = SB;
			sourceTree = "<group>";
		};
		8453D5032823C6DF00C1A775 /* VC */ = {
			isa = PBXGroup;
			children = (
				84AFA322280BEF4300765633 /* ShopTabViewController.swift */,
			);
			path = VC;
			sourceTree = "<group>";
		};
		8453D5042823C6E400C1A775 /* VC */ = {
			isa = PBXGroup;
			children = (
				84AFA324280BEF4F00765633 /* MypageTabViewController.swift */,
			);
			path = VC;
			sourceTree = "<group>";
		};
		8453D5052823C6E700C1A775 /* SB */ = {
			isa = PBXGroup;
			children = (
				84AFA31C280BEE9D00765633 /* Mypage.storyboard */,
			);
			path = SB;
			sourceTree = "<group>";
		};
		847F4A962812603100CA5E6D /* APIModels */ = {
			isa = PBXGroup;
			children = (
				84A1E44F282A61F2005C034F /* Models */,
				84A1E44D282A61CA005C034F /* GenericResponse.swift */,
			);
			path = APIModels;
			sourceTree = "<group>";
		};
		84A1E440282A579B005C034F /* Network */ = {
			isa = PBXGroup;
			children = (
				84A1E448282A5C89005C034F /* APIManagers */,
				84A1E447282A5C6C005C034F /* APIEssentials */,
				847F4A962812603100CA5E6D /* APIModels */,
			);
			path = Network;
			sourceTree = "<group>";
		};
		84A1E445282A59A2005C034F /* Feed */ = {
			isa = PBXGroup;
			children = (
				84E9F4B1281EE20300EA2567 /* FeedStoryDataModel.swift */,
				8453D4DA281FE70A00C1A775 /* FeedPostDataModel.swift */,
			);
			path = Feed;
			sourceTree = "<group>";
		};
		84A1E446282A59AA005C034F /* Sign */ = {
			isa = PBXGroup;
			children = (
				84A1E449282A5D82005C034F /* SigninDataModel.swift */,
			);
			path = Sign;
			sourceTree = "<group>";
		};
		84A1E447282A5C6C005C034F /* APIEssentials */ = {
			isa = PBXGroup;
			children = (
				84A1E441282A57AB005C034F /* APIConstants.swift */,
				84A1E443282A5835005C034F /* NetworkResult.swift */,
			);
			path = APIEssentials;
			sourceTree = "<group>";
		};
		84A1E448282A5C89005C034F /* APIManagers */ = {
			isa = PBXGroup;
			children = (
				84A1E450282A659C005C034F /* SignAPI.swift */,
			);
			path = APIManagers;
			sourceTree = "<group>";
		};
		84A1E44F282A61F2005C034F /* Models */ = {
			isa = PBXGroup;
			children = (
				84A1E446282A59AA005C034F /* Sign */,
				84A1E445282A59A2005C034F /* Feed */,
			);
			path = Models;
			sourceTree = "<group>";
		};
		84AFA2F5280BBB9D00765633 /* Support */ = {
			isa = PBXGroup;
			children = (
				84D00B0227FE12CE00AEDEFA /* Info.plist */,
				84D00AFD27FE12CE00AEDEFA /* Assets.xcassets */,
				84D00AFF27FE12CE00AEDEFA /* LaunchScreen.storyboard */,
				84D00AF627FE12CD00AEDEFA /* SceneDelegate.swift */,
				84D00AF427FE12CD00AEDEFA /* AppDelegate.swift */,
			);
			path = Support;
			sourceTree = "<group>";
		};
		84D00AE827FE12CD00AEDEFA = {
			isa = PBXGroup;
			children = (
				84D00AF327FE12CD00AEDEFA /* Instagram */,
				84D00AF227FE12CD00AEDEFA /* Products */,
				7589AF41E46E6B0441D3D800 /* Pods */,
				F5880302EF7CB6DD280FBA86 /* Frameworks */,
			);
			sourceTree = "<group>";
		};
		84D00AF227FE12CD00AEDEFA /* Products */ = {
			isa = PBXGroup;
			children = (
				84D00AF127FE12CD00AEDEFA /* Instagram.app */,
			);
			name = Products;
			sourceTree = "<group>";
		};
		84D00AF327FE12CD00AEDEFA /* Instagram */ = {
			isa = PBXGroup;
			children = (
				84A1E440282A579B005C034F /* Network */,
				8453D4E42823C3A400C1A775 /* Global */,
				8453D4EA2823C51C00C1A775 /* Screen */,
				84AFA2F5280BBB9D00765633 /* Support */,
			);
			path = Instagram;
			sourceTree = "<group>";
		};
		F5880302EF7CB6DD280FBA86 /* Frameworks */ = {
			isa = PBXGroup;
			children = (
				1DEE7807E5D9FA90F3C0B249 /* Pods_Instagram.framework */,
			);
			name = Frameworks;
			sourceTree = "<group>";
		};
/* End PBXGroup section */

/* Begin PBXNativeTarget section */
		84D00AF027FE12CD00AEDEFA /* Instagram */ = {
			isa = PBXNativeTarget;
			buildConfigurationList = 84D00B0527FE12CE00AEDEFA /* Build configuration list for PBXNativeTarget "Instagram" */;
			buildPhases = (
				7A3329FC47A1D609B1833E54 /* [CP] Check Pods Manifest.lock */,
				84D00AED27FE12CD00AEDEFA /* Sources */,
				84D00AEE27FE12CD00AEDEFA /* Frameworks */,
				84D00AEF27FE12CD00AEDEFA /* Resources */,
				66F736711F0F55F3ACDD8890 /* [CP] Embed Pods Frameworks */,
			);
			buildRules = (
			);
			dependencies = (
			);
			name = Instagram;
			productName = Instagram;
			productReference = 84D00AF127FE12CD00AEDEFA /* Instagram.app */;
			productType = "com.apple.product-type.application";
		};
/* End PBXNativeTarget section */

/* Begin PBXProject section */
		84D00AE927FE12CD00AEDEFA /* Project object */ = {
			isa = PBXProject;
			attributes = {
				BuildIndependentTargetsInParallel = 1;
				LastSwiftUpdateCheck = 1330;
				LastUpgradeCheck = 1330;
				TargetAttributes = {
					84D00AF027FE12CD00AEDEFA = {
						CreatedOnToolsVersion = 13.3;
					};
				};
			};
			buildConfigurationList = 84D00AEC27FE12CD00AEDEFA /* Build configuration list for PBXProject "Instagram" */;
			compatibilityVersion = "Xcode 13.0";
			developmentRegion = en;
			hasScannedForEncodings = 0;
			knownRegions = (
				en,
				Base,
			);
			mainGroup = 84D00AE827FE12CD00AEDEFA;
			productRefGroup = 84D00AF227FE12CD00AEDEFA /* Products */;
			projectDirPath = "";
			projectRoot = "";
			targets = (
				84D00AF027FE12CD00AEDEFA /* Instagram */,
			);
		};
/* End PBXProject section */

/* Begin PBXResourcesBuildPhase section */
		84D00AEF27FE12CD00AEDEFA /* Resources */ = {
			isa = PBXResourcesBuildPhase;
			buildActionMask = 2147483647;
			files = (
				84AFA301280BC52800765633 /* Welcome.storyboard in Resources */,
				84AFA30F280BECC700765633 /* TabBar.storyboard in Resources */,
				84AFA32A280BF01C00765633 /* Feed.storyboard in Resources */,
				84AFA2FE280BC3AD00765633 /* AddNameToSignup.storyboard in Resources */,
				84D00B0127FE12CE00AEDEFA /* LaunchScreen.storyboard in Resources */,
				84E9F4BE281EF04D00EA2567 /* StoryCollectionViewCell.xib in Resources */,
				84AFA31D280BEE9D00765633 /* Mypage.storyboard in Resources */,
				84D00AFE27FE12CE00AEDEFA /* Assets.xcassets in Resources */,
				84AFA303280BC5EA00765633 /* AddPasswordToSignup.storyboard in Resources */,
				84AFA31B280BEE9400765633 /* Shop.storyboard in Resources */,
				84AFA317280BEE8600765633 /* Search.storyboard in Resources */,
				8453D4DF28203DF500C1A775 /* PostTableViewCell.xib in Resources */,
				84AFA319280BEE8D00765633 /* Reels.storyboard in Resources */,
				84D00AFC27FE12CD00AEDEFA /* Signin.storyboard in Resources */,
			);
			runOnlyForDeploymentPostprocessing = 0;
		};
/* End PBXResourcesBuildPhase section */

/* Begin PBXShellScriptBuildPhase section */
		66F736711F0F55F3ACDD8890 /* [CP] Embed Pods Frameworks */ = {
			isa = PBXShellScriptBuildPhase;
			buildActionMask = 2147483647;
			files = (
			);
			inputFileListPaths = (
				"${PODS_ROOT}/Target Support Files/Pods-Instagram/Pods-Instagram-frameworks-${CONFIGURATION}-input-files.xcfilelist",
			);
			name = "[CP] Embed Pods Frameworks";
			outputFileListPaths = (
				"${PODS_ROOT}/Target Support Files/Pods-Instagram/Pods-Instagram-frameworks-${CONFIGURATION}-output-files.xcfilelist",
			);
			runOnlyForDeploymentPostprocessing = 0;
			shellPath = /bin/sh;
			shellScript = "\"${PODS_ROOT}/Target Support Files/Pods-Instagram/Pods-Instagram-frameworks.sh\"\n";
			showEnvVarsInLog = 0;
		};
		7A3329FC47A1D609B1833E54 /* [CP] Check Pods Manifest.lock */ = {
			isa = PBXShellScriptBuildPhase;
			buildActionMask = 2147483647;
			files = (
			);
			inputFileListPaths = (
			);
			inputPaths = (
				"${PODS_PODFILE_DIR_PATH}/Podfile.lock",
				"${PODS_ROOT}/Manifest.lock",
			);
			name = "[CP] Check Pods Manifest.lock";
			outputFileListPaths = (
			);
			outputPaths = (
				"$(DERIVED_FILE_DIR)/Pods-Instagram-checkManifestLockResult.txt",
			);
			runOnlyForDeploymentPostprocessing = 0;
			shellPath = /bin/sh;
			shellScript = "diff \"${PODS_PODFILE_DIR_PATH}/Podfile.lock\" \"${PODS_ROOT}/Manifest.lock\" > /dev/null\nif [ $? != 0 ] ; then\n    # print error to STDERR\n    echo \"error: The sandbox is not in sync with the Podfile.lock. Run 'pod install' or update your CocoaPods installation.\" >&2\n    exit 1\nfi\n# This output is used by Xcode 'outputs' to avoid re-running this script phase.\necho \"SUCCESS\" > \"${SCRIPT_OUTPUT_FILE_0}\"\n";
			showEnvVarsInLog = 0;
		};
/* End PBXShellScriptBuildPhase section */

/* Begin PBXSourcesBuildPhase section */
		84D00AED27FE12CD00AEDEFA /* Sources */ = {
			isa = PBXSourcesBuildPhase;
			buildActionMask = 2147483647;
			files = (
				84AFA321280BEF3A00765633 /* ReelsTabViewController.swift in Sources */,
				84D00B0927FE1A7C00AEDEFA /* AddNameToSignupViewController.swift in Sources */,
				84E9F4BD281EF04D00EA2567 /* StoryCollectionViewCell.swift in Sources */,
				84D00AF927FE12CD00AEDEFA /* SigninViewController.swift in Sources */,
				84D00AF527FE12CD00AEDEFA /* AppDelegate.swift in Sources */,
				84A1E44E282A61CA005C034F /* GenericResponse.swift in Sources */,
				84D00AF727FE12CD00AEDEFA /* SceneDelegate.swift in Sources */,
				84A1E444282A5835005C034F /* NetworkResult.swift in Sources */,
				8453D4E72823C3FC00C1A775 /* UIView+.swift in Sources */,
				8453D4DB281FE70A00C1A775 /* FeedPostDataModel.swift in Sources */,
				84AFA325280BEF4F00765633 /* MypageTabViewController.swift in Sources */,
				84A1E451282A659C005C034F /* SignAPI.swift in Sources */,
				8453D4E228229A5A00C1A775 /* SendUpdateStatusDelegate.swift in Sources */,
				84AFA31F280BEF0100765633 /* SearchTabViewController.swift in Sources */,
				84AFA323280BEF4300765633 /* ShopTabViewController.swift in Sources */,
				84A1E44A282A5D82005C034F /* SigninDataModel.swift in Sources */,
				84E9F4B2281EE20300EA2567 /* FeedStoryDataModel.swift in Sources */,
				8453D4DE28203DF500C1A775 /* PostTableViewCell.swift in Sources */,
				84D00B0D27FE1C8400AEDEFA /* WelcomeViewController.swift in Sources */,
				84AFA311280BED8000765633 /* TabBarController.swift in Sources */,
				84A1E442282A57AB005C034F /* APIConstants.swift in Sources */,
				84AFA328280BF01500765633 /* FeedTabViewController.swift in Sources */,
				8453D4E92823C42900C1A775 /* UIViewController+.swift in Sources */,
				84D00B0B27FE1A9500AEDEFA /* AddPasswordToSignupViewController.swift in Sources */,
			);
			runOnlyForDeploymentPostprocessing = 0;
		};
/* End PBXSourcesBuildPhase section */

/* Begin PBXVariantGroup section */
		84D00AFA27FE12CD00AEDEFA /* Signin.storyboard */ = {
			isa = PBXVariantGroup;
			children = (
				84D00AFB27FE12CD00AEDEFA /* Base */,
			);
			name = Signin.storyboard;
			sourceTree = "<group>";
		};
		84D00AFF27FE12CE00AEDEFA /* LaunchScreen.storyboard */ = {
			isa = PBXVariantGroup;
			children = (
				84D00B0027FE12CE00AEDEFA /* Base */,
			);
			name = LaunchScreen.storyboard;
			sourceTree = "<group>";
		};
/* End PBXVariantGroup section */

/* Begin XCBuildConfiguration section */
		84D00B0327FE12CE00AEDEFA /* Debug */ = {
			isa = XCBuildConfiguration;
			buildSettings = {
				ALWAYS_SEARCH_USER_PATHS = NO;
				CLANG_ANALYZER_NONNULL = YES;
				CLANG_ANALYZER_NUMBER_OBJECT_CONVERSION = YES_AGGRESSIVE;
				CLANG_CXX_LANGUAGE_STANDARD = "gnu++17";
				CLANG_ENABLE_MODULES = YES;
				CLANG_ENABLE_OBJC_ARC = YES;
				CLANG_ENABLE_OBJC_WEAK = YES;
				CLANG_WARN_BLOCK_CAPTURE_AUTORELEASING = YES;
				CLANG_WARN_BOOL_CONVERSION = YES;
				CLANG_WARN_COMMA = YES;
				CLANG_WARN_CONSTANT_CONVERSION = YES;
				CLANG_WARN_DEPRECATED_OBJC_IMPLEMENTATIONS = YES;
				CLANG_WARN_DIRECT_OBJC_ISA_USAGE = YES_ERROR;
				CLANG_WARN_DOCUMENTATION_COMMENTS = YES;
				CLANG_WARN_EMPTY_BODY = YES;
				CLANG_WARN_ENUM_CONVERSION = YES;
				CLANG_WARN_INFINITE_RECURSION = YES;
				CLANG_WARN_INT_CONVERSION = YES;
				CLANG_WARN_NON_LITERAL_NULL_CONVERSION = YES;
				CLANG_WARN_OBJC_IMPLICIT_RETAIN_SELF = YES;
				CLANG_WARN_OBJC_LITERAL_CONVERSION = YES;
				CLANG_WARN_OBJC_ROOT_CLASS = YES_ERROR;
				CLANG_WARN_QUOTED_INCLUDE_IN_FRAMEWORK_HEADER = YES;
				CLANG_WARN_RANGE_LOOP_ANALYSIS = YES;
				CLANG_WARN_STRICT_PROTOTYPES = YES;
				CLANG_WARN_SUSPICIOUS_MOVE = YES;
				CLANG_WARN_UNGUARDED_AVAILABILITY = YES_AGGRESSIVE;
				CLANG_WARN_UNREACHABLE_CODE = YES;
				CLANG_WARN__DUPLICATE_METHOD_MATCH = YES;
				COPY_PHASE_STRIP = NO;
				DEBUG_INFORMATION_FORMAT = dwarf;
				ENABLE_STRICT_OBJC_MSGSEND = YES;
				ENABLE_TESTABILITY = YES;
				GCC_C_LANGUAGE_STANDARD = gnu11;
				GCC_DYNAMIC_NO_PIC = NO;
				GCC_NO_COMMON_BLOCKS = YES;
				GCC_OPTIMIZATION_LEVEL = 0;
				GCC_PREPROCESSOR_DEFINITIONS = (
					"DEBUG=1",
					"$(inherited)",
				);
				GCC_WARN_64_TO_32_BIT_CONVERSION = YES;
				GCC_WARN_ABOUT_RETURN_TYPE = YES_ERROR;
				GCC_WARN_UNDECLARED_SELECTOR = YES;
				GCC_WARN_UNINITIALIZED_AUTOS = YES_AGGRESSIVE;
				GCC_WARN_UNUSED_FUNCTION = YES;
				GCC_WARN_UNUSED_VARIABLE = YES;
				IPHONEOS_DEPLOYMENT_TARGET = 15.4;
				MTL_ENABLE_DEBUG_INFO = INCLUDE_SOURCE;
				MTL_FAST_MATH = YES;
				ONLY_ACTIVE_ARCH = YES;
				SDKROOT = iphoneos;
				SWIFT_ACTIVE_COMPILATION_CONDITIONS = DEBUG;
				SWIFT_OPTIMIZATION_LEVEL = "-Onone";
			};
			name = Debug;
		};
		84D00B0427FE12CE00AEDEFA /* Release */ = {
			isa = XCBuildConfiguration;
			buildSettings = {
				ALWAYS_SEARCH_USER_PATHS = NO;
				CLANG_ANALYZER_NONNULL = YES;
				CLANG_ANALYZER_NUMBER_OBJECT_CONVERSION = YES_AGGRESSIVE;
				CLANG_CXX_LANGUAGE_STANDARD = "gnu++17";
				CLANG_ENABLE_MODULES = YES;
				CLANG_ENABLE_OBJC_ARC = YES;
				CLANG_ENABLE_OBJC_WEAK = YES;
				CLANG_WARN_BLOCK_CAPTURE_AUTORELEASING = YES;
				CLANG_WARN_BOOL_CONVERSION = YES;
				CLANG_WARN_COMMA = YES;
				CLANG_WARN_CONSTANT_CONVERSION = YES;
				CLANG_WARN_DEPRECATED_OBJC_IMPLEMENTATIONS = YES;
				CLANG_WARN_DIRECT_OBJC_ISA_USAGE = YES_ERROR;
				CLANG_WARN_DOCUMENTATION_COMMENTS = YES;
				CLANG_WARN_EMPTY_BODY = YES;
				CLANG_WARN_ENUM_CONVERSION = YES;
				CLANG_WARN_INFINITE_RECURSION = YES;
				CLANG_WARN_INT_CONVERSION = YES;
				CLANG_WARN_NON_LITERAL_NULL_CONVERSION = YES;
				CLANG_WARN_OBJC_IMPLICIT_RETAIN_SELF = YES;
				CLANG_WARN_OBJC_LITERAL_CONVERSION = YES;
				CLANG_WARN_OBJC_ROOT_CLASS = YES_ERROR;
				CLANG_WARN_QUOTED_INCLUDE_IN_FRAMEWORK_HEADER = YES;
				CLANG_WARN_RANGE_LOOP_ANALYSIS = YES;
				CLANG_WARN_STRICT_PROTOTYPES = YES;
				CLANG_WARN_SUSPICIOUS_MOVE = YES;
				CLANG_WARN_UNGUARDED_AVAILABILITY = YES_AGGRESSIVE;
				CLANG_WARN_UNREACHABLE_CODE = YES;
				CLANG_WARN__DUPLICATE_METHOD_MATCH = YES;
				COPY_PHASE_STRIP = NO;
				DEBUG_INFORMATION_FORMAT = "dwarf-with-dsym";
				ENABLE_NS_ASSERTIONS = NO;
				ENABLE_STRICT_OBJC_MSGSEND = YES;
				GCC_C_LANGUAGE_STANDARD = gnu11;
				GCC_NO_COMMON_BLOCKS = YES;
				GCC_WARN_64_TO_32_BIT_CONVERSION = YES;
				GCC_WARN_ABOUT_RETURN_TYPE = YES_ERROR;
				GCC_WARN_UNDECLARED_SELECTOR = YES;
				GCC_WARN_UNINITIALIZED_AUTOS = YES_AGGRESSIVE;
				GCC_WARN_UNUSED_FUNCTION = YES;
				GCC_WARN_UNUSED_VARIABLE = YES;
				IPHONEOS_DEPLOYMENT_TARGET = 15.4;
				MTL_ENABLE_DEBUG_INFO = NO;
				MTL_FAST_MATH = YES;
				SDKROOT = iphoneos;
				SWIFT_COMPILATION_MODE = wholemodule;
				SWIFT_OPTIMIZATION_LEVEL = "-O";
				VALIDATE_PRODUCT = YES;
			};
			name = Release;
		};
		84D00B0627FE12CE00AEDEFA /* Debug */ = {
			isa = XCBuildConfiguration;
			baseConfigurationReference = 92716F744DA15104A24B3FB8 /* Pods-Instagram.debug.xcconfig */;
			buildSettings = {
				ASSETCATALOG_COMPILER_APPICON_NAME = AppIcon;
				ASSETCATALOG_COMPILER_GLOBAL_ACCENT_COLOR_NAME = AccentColor;
				CODE_SIGN_STYLE = Automatic;
				CURRENT_PROJECT_VERSION = 1;
				DEVELOPMENT_TEAM = 83B9Y749K7;
				GENERATE_INFOPLIST_FILE = YES;
				INFOPLIST_FILE = Instagram/Support/Info.plist;
				INFOPLIST_KEY_UIApplicationSupportsIndirectInputEvents = YES;
				INFOPLIST_KEY_UILaunchStoryboardName = LaunchScreen;
				INFOPLIST_KEY_UIMainStoryboardFile = Signin;
				INFOPLIST_KEY_UISupportedInterfaceOrientations_iPad = "UIInterfaceOrientationPortrait UIInterfaceOrientationPortraitUpsideDown UIInterfaceOrientationLandscapeLeft UIInterfaceOrientationLandscapeRight";
				INFOPLIST_KEY_UISupportedInterfaceOrientations_iPhone = "UIInterfaceOrientationPortrait UIInterfaceOrientationLandscapeLeft UIInterfaceOrientationLandscapeRight";
				LD_RUNPATH_SEARCH_PATHS = (
					"$(inherited)",
					"@executable_path/Frameworks",
				);
				MARKETING_VERSION = 1.0;
				PRODUCT_BUNDLE_IDENTIFIER = org.sopt.Instagram;
				PRODUCT_NAME = "$(TARGET_NAME)";
				SWIFT_EMIT_LOC_STRINGS = YES;
				SWIFT_VERSION = 5.0;
				TARGETED_DEVICE_FAMILY = "1,2";
			};
			name = Debug;
		};
		84D00B0727FE12CE00AEDEFA /* Release */ = {
			isa = XCBuildConfiguration;
			baseConfigurationReference = C87ECC5335F0D2F70BCFE850 /* Pods-Instagram.release.xcconfig */;
			buildSettings = {
				ASSETCATALOG_COMPILER_APPICON_NAME = AppIcon;
				ASSETCATALOG_COMPILER_GLOBAL_ACCENT_COLOR_NAME = AccentColor;
				CODE_SIGN_STYLE = Automatic;
				CURRENT_PROJECT_VERSION = 1;
				DEVELOPMENT_TEAM = 83B9Y749K7;
				GENERATE_INFOPLIST_FILE = YES;
				INFOPLIST_FILE = Instagram/Support/Info.plist;
				INFOPLIST_KEY_UIApplicationSupportsIndirectInputEvents = YES;
				INFOPLIST_KEY_UILaunchStoryboardName = LaunchScreen;
				INFOPLIST_KEY_UIMainStoryboardFile = Signin;
				INFOPLIST_KEY_UISupportedInterfaceOrientations_iPad = "UIInterfaceOrientationPortrait UIInterfaceOrientationPortraitUpsideDown UIInterfaceOrientationLandscapeLeft UIInterfaceOrientationLandscapeRight";
				INFOPLIST_KEY_UISupportedInterfaceOrientations_iPhone = "UIInterfaceOrientationPortrait UIInterfaceOrientationLandscapeLeft UIInterfaceOrientationLandscapeRight";
				LD_RUNPATH_SEARCH_PATHS = (
					"$(inherited)",
					"@executable_path/Frameworks",
				);
				MARKETING_VERSION = 1.0;
				PRODUCT_BUNDLE_IDENTIFIER = org.sopt.Instagram;
				PRODUCT_NAME = "$(TARGET_NAME)";
				SWIFT_EMIT_LOC_STRINGS = YES;
				SWIFT_VERSION = 5.0;
				TARGETED_DEVICE_FAMILY = "1,2";
			};
			name = Release;
		};
/* End XCBuildConfiguration section */

/* Begin XCConfigurationList section */
		84D00AEC27FE12CD00AEDEFA /* Build configuration list for PBXProject "Instagram" */ = {
			isa = XCConfigurationList;
			buildConfigurations = (
				84D00B0327FE12CE00AEDEFA /* Debug */,
				84D00B0427FE12CE00AEDEFA /* Release */,
			);
			defaultConfigurationIsVisible = 0;
			defaultConfigurationName = Release;
		};
		84D00B0527FE12CE00AEDEFA /* Build configuration list for PBXNativeTarget "Instagram" */ = {
			isa = XCConfigurationList;
			buildConfigurations = (
				84D00B0627FE12CE00AEDEFA /* Debug */,
				84D00B0727FE12CE00AEDEFA /* Release */,
			);
			defaultConfigurationIsVisible = 0;
			defaultConfigurationName = Release;
		};
/* End XCConfigurationList section */
	};
	rootObject = 84D00AE927FE12CD00AEDEFA /* Project object */;
}
